// !$*UTF8*$!
{
	archiveVersion = 1;
	classes = {
	};
	objectVersion = 48;
	objects = {

/* Begin PBXBuildFile section */
		0D4DD27C202AFF61001BAD28 /* AppDelegate.m in Sources */ = {isa = PBXBuildFile; fileRef = 0D4DD27B202AFF61001BAD28 /* AppDelegate.m */; };
		0D4DD27E202AFF61001BAD28 /* Assets.xcassets in Resources */ = {isa = PBXBuildFile; fileRef = 0D4DD27D202AFF61001BAD28 /* Assets.xcassets */; };
		0D4DD284202AFF61001BAD28 /* main.m in Sources */ = {isa = PBXBuildFile; fileRef = 0D4DD283202AFF61001BAD28 /* main.m */; };
		0D4DD28F202AFF62001BAD28 /* FileHashTests.m in Sources */ = {isa = PBXBuildFile; fileRef = 0D4DD28E202AFF62001BAD28 /* FileHashTests.m */; };
		0D4DD29A202AFF62001BAD28 /* FileHashUITests.m in Sources */ = {isa = PBXBuildFile; fileRef = 0D4DD299202AFF62001BAD28 /* FileHashUITests.m */; };
		0D4DD2A9202AFF7E001BAD28 /* FileHash.m in Sources */ = {isa = PBXBuildFile; fileRef = 0D4DD2A8202AFF7E001BAD28 /* FileHash.m */; };
		0D4DD2B2202BE967001BAD28 /* FileWindowController.m in Sources */ = {isa = PBXBuildFile; fileRef = 0D4DD2B0202BE967001BAD28 /* FileWindowController.m */; };
		0D4DD2B3202BE967001BAD28 /* FileWindowController.xib in Resources */ = {isa = PBXBuildFile; fileRef = 0D4DD2B1202BE967001BAD28 /* FileWindowController.xib */; };
		0D4DD2B7202BFD41001BAD28 /* FileCollectionViewItem.m in Sources */ = {isa = PBXBuildFile; fileRef = 0D4DD2B5202BFD41001BAD28 /* FileCollectionViewItem.m */; };
		0D4DD2B8202BFD41001BAD28 /* FileCollectionViewItem.xib in Resources */ = {isa = PBXBuildFile; fileRef = 0D4DD2B6202BFD41001BAD28 /* FileCollectionViewItem.xib */; };
		0D4DD2BB202C02A8001BAD28 /* FileModel.m in Sources */ = {isa = PBXBuildFile; fileRef = 0D4DD2BA202C02A8001BAD28 /* FileModel.m */; };
/* End PBXBuildFile section */

/* Begin PBXContainerItemProxy section */
		0D4DD28B202AFF62001BAD28 /* PBXContainerItemProxy */ = {
			isa = PBXContainerItemProxy;
			containerPortal = 0D4DD26F202AFF61001BAD28 /* Project object */;
			proxyType = 1;
			remoteGlobalIDString = 0D4DD276202AFF61001BAD28;
			remoteInfo = FileHash;
		};
		0D4DD296202AFF62001BAD28 /* PBXContainerItemProxy */ = {
			isa = PBXContainerItemProxy;
			containerPortal = 0D4DD26F202AFF61001BAD28 /* Project object */;
			proxyType = 1;
			remoteGlobalIDString = 0D4DD276202AFF61001BAD28;
			remoteInfo = FileHash;
		};
/* End PBXContainerItemProxy section */

/* Begin PBXFileReference section */
		0D4DD277202AFF61001BAD28 /* FileHash.app */ = {isa = PBXFileReference; explicitFileType = wrapper.application; includeInIndex = 0; path = FileHash.app; sourceTree = BUILT_PRODUCTS_DIR; };
		0D4DD27A202AFF61001BAD28 /* AppDelegate.h */ = {isa = PBXFileReference; lastKnownFileType = sourcecode.c.h; path = AppDelegate.h; sourceTree = "<group>"; };
		0D4DD27B202AFF61001BAD28 /* AppDelegate.m */ = {isa = PBXFileReference; lastKnownFileType = sourcecode.c.objc; path = AppDelegate.m; sourceTree = "<group>"; };
		0D4DD27D202AFF61001BAD28 /* Assets.xcassets */ = {isa = PBXFileReference; lastKnownFileType = folder.assetcatalog; path = Assets.xcassets; sourceTree = "<group>"; };
		0D4DD282202AFF61001BAD28 /* Info.plist */ = {isa = PBXFileReference; lastKnownFileType = text.plist.xml; path = Info.plist; sourceTree = "<group>"; };
		0D4DD283202AFF61001BAD28 /* main.m */ = {isa = PBXFileReference; lastKnownFileType = sourcecode.c.objc; path = main.m; sourceTree = "<group>"; };
		0D4DD285202AFF61001BAD28 /* FileHash.entitlements */ = {isa = PBXFileReference; lastKnownFileType = text.plist.entitlements; path = FileHash.entitlements; sourceTree = "<group>"; };
		0D4DD28A202AFF62001BAD28 /* FileHashTests.xctest */ = {isa = PBXFileReference; explicitFileType = wrapper.cfbundle; includeInIndex = 0; path = FileHashTests.xctest; sourceTree = BUILT_PRODUCTS_DIR; };
		0D4DD28E202AFF62001BAD28 /* FileHashTests.m */ = {isa = PBXFileReference; lastKnownFileType = sourcecode.c.objc; path = FileHashTests.m; sourceTree = "<group>"; };
		0D4DD290202AFF62001BAD28 /* Info.plist */ = {isa = PBXFileReference; lastKnownFileType = text.plist.xml; path = Info.plist; sourceTree = "<group>"; };
		0D4DD295202AFF62001BAD28 /* FileHashUITests.xctest */ = {isa = PBXFileReference; explicitFileType = wrapper.cfbundle; includeInIndex = 0; path = FileHashUITests.xctest; sourceTree = BUILT_PRODUCTS_DIR; };
		0D4DD299202AFF62001BAD28 /* FileHashUITests.m */ = {isa = PBXFileReference; lastKnownFileType = sourcecode.c.objc; path = FileHashUITests.m; sourceTree = "<group>"; };
		0D4DD29B202AFF62001BAD28 /* Info.plist */ = {isa = PBXFileReference; lastKnownFileType = text.plist.xml; path = Info.plist; sourceTree = "<group>"; };
		0D4DD2A7202AFF7E001BAD28 /* FileHash.h */ = {isa = PBXFileReference; lastKnownFileType = sourcecode.c.h; path = FileHash.h; sourceTree = "<group>"; };
		0D4DD2A8202AFF7E001BAD28 /* FileHash.m */ = {isa = PBXFileReference; lastKnownFileType = sourcecode.c.objc; path = FileHash.m; sourceTree = "<group>"; };
		0D4DD2AF202BE967001BAD28 /* FileWindowController.h */ = {isa = PBXFileReference; lastKnownFileType = sourcecode.c.h; path = FileWindowController.h; sourceTree = "<group>"; };
		0D4DD2B0202BE967001BAD28 /* FileWindowController.m */ = {isa = PBXFileReference; lastKnownFileType = sourcecode.c.objc; path = FileWindowController.m; sourceTree = "<group>"; };
		0D4DD2B1202BE967001BAD28 /* FileWindowController.xib */ = {isa = PBXFileReference; lastKnownFileType = file.xib; path = FileWindowController.xib; sourceTree = "<group>"; };
		0D4DD2B4202BFD41001BAD28 /* FileCollectionViewItem.h */ = {isa = PBXFileReference; lastKnownFileType = sourcecode.c.h; path = FileCollectionViewItem.h; sourceTree = "<group>"; };
		0D4DD2B5202BFD41001BAD28 /* FileCollectionViewItem.m */ = {isa = PBXFileReference; lastKnownFileType = sourcecode.c.objc; path = FileCollectionViewItem.m; sourceTree = "<group>"; };
		0D4DD2B6202BFD41001BAD28 /* FileCollectionViewItem.xib */ = {isa = PBXFileReference; lastKnownFileType = file.xib; path = FileCollectionViewItem.xib; sourceTree = "<group>"; };
		0D4DD2B9202C02A8001BAD28 /* FileModel.h */ = {isa = PBXFileReference; lastKnownFileType = sourcecode.c.h; path = FileModel.h; sourceTree = "<group>"; };
		0D4DD2BA202C02A8001BAD28 /* FileModel.m */ = {isa = PBXFileReference; lastKnownFileType = sourcecode.c.objc; path = FileModel.m; sourceTree = "<group>"; };
/* End PBXFileReference section */

/* Begin PBXFrameworksBuildPhase section */
		0D4DD274202AFF61001BAD28 /* Frameworks */ = {
			isa = PBXFrameworksBuildPhase;
			buildActionMask = 2147483647;
			files = (
			);
			runOnlyForDeploymentPostprocessing = 0;
		};
		0D4DD287202AFF62001BAD28 /* Frameworks */ = {
			isa = PBXFrameworksBuildPhase;
			buildActionMask = 2147483647;
			files = (
			);
			runOnlyForDeploymentPostprocessing = 0;
		};
		0D4DD292202AFF62001BAD28 /* Frameworks */ = {
			isa = PBXFrameworksBuildPhase;
			buildActionMask = 2147483647;
			files = (
			);
			runOnlyForDeploymentPostprocessing = 0;
		};
/* End PBXFrameworksBuildPhase section */

/* Begin PBXGroup section */
		0D4DD26E202AFF61001BAD28 = {
			isa = PBXGroup;
			children = (
				0D4DD279202AFF61001BAD28 /* FileHash */,
				0D4DD28D202AFF62001BAD28 /* FileHashTests */,
				0D4DD298202AFF62001BAD28 /* FileHashUITests */,
				0D4DD278202AFF61001BAD28 /* Products */,
			);
			sourceTree = "<group>";
		};
		0D4DD278202AFF61001BAD28 /* Products */ = {
			isa = PBXGroup;
			children = (
				0D4DD277202AFF61001BAD28 /* FileHash.app */,
				0D4DD28A202AFF62001BAD28 /* FileHashTests.xctest */,
				0D4DD295202AFF62001BAD28 /* FileHashUITests.xctest */,
			);
			name = Products;
			sourceTree = "<group>";
		};
		0D4DD279202AFF61001BAD28 /* FileHash */ = {
			isa = PBXGroup;
			children = (
				0D4DD27A202AFF61001BAD28 /* AppDelegate.h */,
				0D4DD27B202AFF61001BAD28 /* AppDelegate.m */,
				0D4DD2A7202AFF7E001BAD28 /* FileHash.h */,
				0D4DD2A8202AFF7E001BAD28 /* FileHash.m */,
				0D4DD2B9202C02A8001BAD28 /* FileModel.h */,
				0D4DD2BA202C02A8001BAD28 /* FileModel.m */,
				0D4DD2AF202BE967001BAD28 /* FileWindowController.h */,
				0D4DD2B0202BE967001BAD28 /* FileWindowController.m */,
				0D4DD2B1202BE967001BAD28 /* FileWindowController.xib */,
				0D4DD2B4202BFD41001BAD28 /* FileCollectionViewItem.h */,
				0D4DD2B5202BFD41001BAD28 /* FileCollectionViewItem.m */,
				0D4DD2B6202BFD41001BAD28 /* FileCollectionViewItem.xib */,
				0D4DD27D202AFF61001BAD28 /* Assets.xcassets */,
				0D4DD282202AFF61001BAD28 /* Info.plist */,
				0D4DD283202AFF61001BAD28 /* main.m */,
				0D4DD285202AFF61001BAD28 /* FileHash.entitlements */,
			);
			path = FileHash;
			sourceTree = "<group>";
		};
		0D4DD28D202AFF62001BAD28 /* FileHashTests */ = {
			isa = PBXGroup;
			children = (
				0D4DD28E202AFF62001BAD28 /* FileHashTests.m */,
				0D4DD290202AFF62001BAD28 /* Info.plist */,
			);
			path = FileHashTests;
			sourceTree = "<group>";
		};
		0D4DD298202AFF62001BAD28 /* FileHashUITests */ = {
			isa = PBXGroup;
			children = (
				0D4DD299202AFF62001BAD28 /* FileHashUITests.m */,
				0D4DD29B202AFF62001BAD28 /* Info.plist */,
			);
			path = FileHashUITests;
			sourceTree = "<group>";
		};
/* End PBXGroup section */

/* Begin PBXNativeTarget section */
		0D4DD276202AFF61001BAD28 /* FileHash */ = {
			isa = PBXNativeTarget;
			buildConfigurationList = 0D4DD29E202AFF62001BAD28 /* Build configuration list for PBXNativeTarget "FileHash" */;
			buildPhases = (
				0D4DD273202AFF61001BAD28 /* Sources */,
				0D4DD274202AFF61001BAD28 /* Frameworks */,
				0D4DD275202AFF61001BAD28 /* Resources */,
			);
			buildRules = (
			);
			dependencies = (
			);
			name = FileHash;
			productName = FileHash;
			productReference = 0D4DD277202AFF61001BAD28 /* FileHash.app */;
			productType = "com.apple.product-type.application";
		};
		0D4DD289202AFF62001BAD28 /* FileHashTests */ = {
			isa = PBXNativeTarget;
			buildConfigurationList = 0D4DD2A1202AFF62001BAD28 /* Build configuration list for PBXNativeTarget "FileHashTests" */;
			buildPhases = (
				0D4DD286202AFF62001BAD28 /* Sources */,
				0D4DD287202AFF62001BAD28 /* Frameworks */,
				0D4DD288202AFF62001BAD28 /* Resources */,
			);
			buildRules = (
			);
			dependencies = (
				0D4DD28C202AFF62001BAD28 /* PBXTargetDependency */,
			);
			name = FileHashTests;
			productName = FileHashTests;
			productReference = 0D4DD28A202AFF62001BAD28 /* FileHashTests.xctest */;
			productType = "com.apple.product-type.bundle.unit-test";
		};
		0D4DD294202AFF62001BAD28 /* FileHashUITests */ = {
			isa = PBXNativeTarget;
			buildConfigurationList = 0D4DD2A4202AFF62001BAD28 /* Build configuration list for PBXNativeTarget "FileHashUITests" */;
			buildPhases = (
				0D4DD291202AFF62001BAD28 /* Sources */,
				0D4DD292202AFF62001BAD28 /* Frameworks */,
				0D4DD293202AFF62001BAD28 /* Resources */,
			);
			buildRules = (
			);
			dependencies = (
				0D4DD297202AFF62001BAD28 /* PBXTargetDependency */,
			);
			name = FileHashUITests;
			productName = FileHashUITests;
			productReference = 0D4DD295202AFF62001BAD28 /* FileHashUITests.xctest */;
			productType = "com.apple.product-type.bundle.ui-testing";
		};
/* End PBXNativeTarget section */

/* Begin PBXProject section */
		0D4DD26F202AFF61001BAD28 /* Project object */ = {
			isa = PBXProject;
			attributes = {
				LastUpgradeCheck = 0920;
				ORGANIZATIONNAME = Murphy;
				TargetAttributes = {
					0D4DD276202AFF61001BAD28 = {
						CreatedOnToolsVersion = 9.2;
						ProvisioningStyle = Automatic;
					};
					0D4DD289202AFF62001BAD28 = {
						CreatedOnToolsVersion = 9.2;
						ProvisioningStyle = Automatic;
						TestTargetID = 0D4DD276202AFF61001BAD28;
					};
					0D4DD294202AFF62001BAD28 = {
						CreatedOnToolsVersion = 9.2;
						ProvisioningStyle = Automatic;
						TestTargetID = 0D4DD276202AFF61001BAD28;
					};
				};
			};
			buildConfigurationList = 0D4DD272202AFF61001BAD28 /* Build configuration list for PBXProject "FileHash" */;
			compatibilityVersion = "Xcode 8.0";
			developmentRegion = en;
			hasScannedForEncodings = 0;
			knownRegions = (
				en,
				Base,
			);
			mainGroup = 0D4DD26E202AFF61001BAD28;
			productRefGroup = 0D4DD278202AFF61001BAD28 /* Products */;
			projectDirPath = "";
			projectRoot = "";
			targets = (
				0D4DD276202AFF61001BAD28 /* FileHash */,
				0D4DD289202AFF62001BAD28 /* FileHashTests */,
				0D4DD294202AFF62001BAD28 /* FileHashUITests */,
			);
		};
/* End PBXProject section */

/* Begin PBXResourcesBuildPhase section */
		0D4DD275202AFF61001BAD28 /* Resources */ = {
			isa = PBXResourcesBuildPhase;
			buildActionMask = 2147483647;
			files = (
				0D4DD27E202AFF61001BAD28 /* Assets.xcassets in Resources */,
				0D4DD2B8202BFD41001BAD28 /* FileCollectionViewItem.xib in Resources */,
				0D4DD2B3202BE967001BAD28 /* FileWindowController.xib in Resources */,
			);
			runOnlyForDeploymentPostprocessing = 0;
		};
		0D4DD288202AFF62001BAD28 /* Resources */ = {
			isa = PBXResourcesBuildPhase;
			buildActionMask = 2147483647;
			files = (
			);
			runOnlyForDeploymentPostprocessing = 0;
		};
		0D4DD293202AFF62001BAD28 /* Resources */ = {
			isa = PBXResourcesBuildPhase;
			buildActionMask = 2147483647;
			files = (
			);
			runOnlyForDeploymentPostprocessing = 0;
		};
/* End PBXResourcesBuildPhase section */

/* Begin PBXSourcesBuildPhase section */
		0D4DD273202AFF61001BAD28 /* Sources */ = {
			isa = PBXSourcesBuildPhase;
			buildActionMask = 2147483647;
			files = (
				0D4DD2B7202BFD41001BAD28 /* FileCollectionViewItem.m in Sources */,
				0D4DD284202AFF61001BAD28 /* main.m in Sources */,
				0D4DD2B2202BE967001BAD28 /* FileWindowController.m in Sources */,
				0D4DD2BB202C02A8001BAD28 /* FileModel.m in Sources */,
				0D4DD27C202AFF61001BAD28 /* AppDelegate.m in Sources */,
				0D4DD2A9202AFF7E001BAD28 /* FileHash.m in Sources */,
			);
			runOnlyForDeploymentPostprocessing = 0;
		};
		0D4DD286202AFF62001BAD28 /* Sources */ = {
			isa = PBXSourcesBuildPhase;
			buildActionMask = 2147483647;
			files = (
				0D4DD28F202AFF62001BAD28 /* FileHashTests.m in Sources */,
			);
			runOnlyForDeploymentPostprocessing = 0;
		};
		0D4DD291202AFF62001BAD28 /* Sources */ = {
			isa = PBXSourcesBuildPhase;
			buildActionMask = 2147483647;
			files = (
				0D4DD29A202AFF62001BAD28 /* FileHashUITests.m in Sources */,
			);
			runOnlyForDeploymentPostprocessing = 0;
		};
/* End PBXSourcesBuildPhase section */

/* Begin PBXTargetDependency section */
		0D4DD28C202AFF62001BAD28 /* PBXTargetDependency */ = {
			isa = PBXTargetDependency;
			target = 0D4DD276202AFF61001BAD28 /* FileHash */;
			targetProxy = 0D4DD28B202AFF62001BAD28 /* PBXContainerItemProxy */;
		};
		0D4DD297202AFF62001BAD28 /* PBXTargetDependency */ = {
			isa = PBXTargetDependency;
			target = 0D4DD276202AFF61001BAD28 /* FileHash */;
			targetProxy = 0D4DD296202AFF62001BAD28 /* PBXContainerItemProxy */;
		};
/* End PBXTargetDependency section */

/* Begin XCBuildConfiguration section */
		0D4DD29C202AFF62001BAD28 /* Debug */ = {
			isa = XCBuildConfiguration;
			buildSettings = {
				ALWAYS_SEARCH_USER_PATHS = NO;
				CLANG_ANALYZER_NONNULL = YES;
				CLANG_ANALYZER_NUMBER_OBJECT_CONVERSION = YES_AGGRESSIVE;
				CLANG_CXX_LANGUAGE_STANDARD = "gnu++14";
				CLANG_CXX_LIBRARY = "libc++";
				CLANG_ENABLE_MODULES = YES;
				CLANG_ENABLE_OBJC_ARC = YES;
				CLANG_WARN_BLOCK_CAPTURE_AUTORELEASING = YES;
				CLANG_WARN_BOOL_CONVERSION = YES;
				CLANG_WARN_COMMA = YES;
				CLANG_WARN_CONSTANT_CONVERSION = YES;
				CLANG_WARN_DIRECT_OBJC_ISA_USAGE = YES_ERROR;
				CLANG_WARN_DOCUMENTATION_COMMENTS = YES;
				CLANG_WARN_EMPTY_BODY = YES;
				CLANG_WARN_ENUM_CONVERSION = YES;
				CLANG_WARN_INFINITE_RECURSION = YES;
				CLANG_WARN_INT_CONVERSION = YES;
				CLANG_WARN_NON_LITERAL_NULL_CONVERSION = YES;
				CLANG_WARN_OBJC_LITERAL_CONVERSION = YES;
				CLANG_WARN_OBJC_ROOT_CLASS = YES_ERROR;
				CLANG_WARN_RANGE_LOOP_ANALYSIS = YES;
				CLANG_WARN_STRICT_PROTOTYPES = YES;
				CLANG_WARN_SUSPICIOUS_MOVE = YES;
				CLANG_WARN_UNGUARDED_AVAILABILITY = YES_AGGRESSIVE;
				CLANG_WARN_UNREACHABLE_CODE = YES;
				CLANG_WARN__DUPLICATE_METHOD_MATCH = YES;
				CODE_SIGN_IDENTITY = "-";
				COPY_PHASE_STRIP = NO;
				DEBUG_INFORMATION_FORMAT = dwarf;
				ENABLE_STRICT_OBJC_MSGSEND = YES;
				ENABLE_TESTABILITY = YES;
				GCC_C_LANGUAGE_STANDARD = gnu11;
				GCC_DYNAMIC_NO_PIC = NO;
				GCC_NO_COMMON_BLOCKS = YES;
				GCC_OPTIMIZATION_LEVEL = 0;
				GCC_PREPROCESSOR_DEFINITIONS = (
					"DEBUG=1",
					"$(inherited)",
				);
				GCC_WARN_64_TO_32_BIT_CONVERSION = YES;
				GCC_WARN_ABOUT_RETURN_TYPE = YES_ERROR;
				GCC_WARN_UNDECLARED_SELECTOR = YES;
				GCC_WARN_UNINITIALIZED_AUTOS = YES_AGGRESSIVE;
				GCC_WARN_UNUSED_FUNCTION = YES;
				GCC_WARN_UNUSED_VARIABLE = YES;
				MACOSX_DEPLOYMENT_TARGET = 10.11;
				MTL_ENABLE_DEBUG_INFO = YES;
				ONLY_ACTIVE_ARCH = YES;
				SDKROOT = macosx;
			};
			name = Debug;
		};
		0D4DD29D202AFF62001BAD28 /* Release */ = {
			isa = XCBuildConfiguration;
			buildSettings = {
				ALWAYS_SEARCH_USER_PATHS = NO;
				CLANG_ANALYZER_NONNULL = YES;
				CLANG_ANALYZER_NUMBER_OBJECT_CONVERSION = YES_AGGRESSIVE;
				CLANG_CXX_LANGUAGE_STANDARD = "gnu++14";
				CLANG_CXX_LIBRARY = "libc++";
				CLANG_ENABLE_MODULES = YES;
				CLANG_ENABLE_OBJC_ARC = YES;
				CLANG_WARN_BLOCK_CAPTURE_AUTORELEASING = YES;
				CLANG_WARN_BOOL_CONVERSION = YES;
				CLANG_WARN_COMMA = YES;
				CLANG_WARN_CONSTANT_CONVERSION = YES;
				CLANG_WARN_DIRECT_OBJC_ISA_USAGE = YES_ERROR;
				CLANG_WARN_DOCUMENTATION_COMMENTS = YES;
				CLANG_WARN_EMPTY_BODY = YES;
				CLANG_WARN_ENUM_CONVERSION = YES;
				CLANG_WARN_INFINITE_RECURSION = YES;
				CLANG_WARN_INT_CONVERSION = YES;
				CLANG_WARN_NON_LITERAL_NULL_CONVERSION = YES;
				CLANG_WARN_OBJC_LITERAL_CONVERSION = YES;
				CLANG_WARN_OBJC_ROOT_CLASS = YES_ERROR;
				CLANG_WARN_RANGE_LOOP_ANALYSIS = YES;
				CLANG_WARN_STRICT_PROTOTYPES = YES;
				CLANG_WARN_SUSPICIOUS_MOVE = YES;
				CLANG_WARN_UNGUARDED_AVAILABILITY = YES_AGGRESSIVE;
				CLANG_WARN_UNREACHABLE_CODE = YES;
				CLANG_WARN__DUPLICATE_METHOD_MATCH = YES;
				CODE_SIGN_IDENTITY = "-";
				COPY_PHASE_STRIP = NO;
				DEBUG_INFORMATION_FORMAT = "dwarf-with-dsym";
				ENABLE_NS_ASSERTIONS = NO;
				ENABLE_STRICT_OBJC_MSGSEND = YES;
				GCC_C_LANGUAGE_STANDARD = gnu11;
				GCC_NO_COMMON_BLOCKS = YES;
				GCC_WARN_64_TO_32_BIT_CONVERSION = YES;
				GCC_WARN_ABOUT_RETURN_TYPE = YES_ERROR;
				GCC_WARN_UNDECLARED_SELECTOR = YES;
				GCC_WARN_UNINITIALIZED_AUTOS = YES_AGGRESSIVE;
				GCC_WARN_UNUSED_FUNCTION = YES;
				GCC_WARN_UNUSED_VARIABLE = YES;
				MACOSX_DEPLOYMENT_TARGET = 10.11;
				MTL_ENABLE_DEBUG_INFO = NO;
				SDKROOT = macosx;
			};
			name = Release;
		};
		0D4DD29F202AFF62001BAD28 /* Debug */ = {
			isa = XCBuildConfiguration;
			buildSettings = {
				ASSETCATALOG_COMPILER_APPICON_NAME = AppIcon;
				CODE_SIGN_STYLE = Automatic;
				COMBINE_HIDPI_IMAGES = YES;
				INFOPLIST_FILE = FileHash/Info.plist;
				LD_RUNPATH_SEARCH_PATHS = "$(inherited) @executable_path/../Frameworks";
				MACOSX_DEPLOYMENT_TARGET = 10.11;
				PRODUCT_BUNDLE_IDENTIFIER = com.lenovocloud.FileHash;
				PRODUCT_NAME = "$(TARGET_NAME)";
			};
			name = Debug;
		};
		0D4DD2A0202AFF62001BAD28 /* Release */ = {
			isa = XCBuildConfiguration;
			buildSettings = {
				ASSETCATALOG_COMPILER_APPICON_NAME = AppIcon;
				CODE_SIGN_STYLE = Automatic;
				COMBINE_HIDPI_IMAGES = YES;
				INFOPLIST_FILE = FileHash/Info.plist;
				LD_RUNPATH_SEARCH_PATHS = "$(inherited) @executable_path/../Frameworks";
				MACOSX_DEPLOYMENT_TARGET = 10.11;
				PRODUCT_BUNDLE_IDENTIFIER = com.lenovocloud.FileHash;
				PRODUCT_NAME = "$(TARGET_NAME)";
			};
			name = Release;
		};
		0D4DD2A2202AFF62001BAD28 /* Debug */ = {
			isa = XCBuildConfiguration;
			buildSettings = {
				BUNDLE_LOADER = "$(TEST_HOST)";
				CODE_SIGN_STYLE = Automatic;
				COMBINE_HIDPI_IMAGES = YES;
				INFOPLIST_FILE = FileHashTests/Info.plist;
				LD_RUNPATH_SEARCH_PATHS = "$(inherited) @executable_path/../Frameworks @loader_path/../Frameworks";
				PRODUCT_BUNDLE_IDENTIFIER = com.lenovocloud.FileHashTests;
				PRODUCT_NAME = "$(TARGET_NAME)";
				TEST_HOST = "$(BUILT_PRODUCTS_DIR)/FileHash.app/Contents/MacOS/FileHash";
			};
			name = Debug;
		};
		0D4DD2A3202AFF62001BAD28 /* Release */ = {
			isa = XCBuildConfiguration;
			buildSettings = {
				BUNDLE_LOADER = "$(TEST_HOST)";
				CODE_SIGN_STYLE = Automatic;
				COMBINE_HIDPI_IMAGES = YES;
				INFOPLIST_FILE = FileHashTests/Info.plist;
				LD_RUNPATH_SEARCH_PATHS = "$(inherited) @executable_path/../Frameworks @loader_path/../Frameworks";
				PRODUCT_BUNDLE_IDENTIFIER = com.lenovocloud.FileHashTests;
				PRODUCT_NAME = "$(TARGET_NAME)";
				TEST_HOST = "$(BUILT_PRODUCTS_DIR)/FileHash.app/Contents/MacOS/FileHash";
			};
			name = Release;
		};
		0D4DD2A5202AFF62001BAD28 /* Debug */ = {
			isa = XCBuildConfiguration;
			buildSettings = {
				CODE_SIGN_STYLE = Automatic;
				COMBINE_HIDPI_IMAGES = YES;
				INFOPLIST_FILE = FileHashUITests/Info.plist;
				LD_RUNPATH_SEARCH_PATHS = "$(inherited) @executable_path/../Frameworks @loader_path/../Frameworks";
				PRODUCT_BUNDLE_IDENTIFIER = com.lenovocloud.FileHashUITests;
				PRODUCT_NAME = "$(TARGET_NAME)";
				TEST_TARGET_NAME = FileHash;
			};
			name = Debug;
		};
		0D4DD2A6202AFF62001BAD28 /* Release */ = {
			isa = XCBuildConfiguration;
			buildSettings = {
				CODE_SIGN_STYLE = Automatic;
				COMBINE_HIDPI_IMAGES = YES;
				INFOPLIST_FILE = FileHashUITests/Info.plist;
				LD_RUNPATH_SEARCH_PATHS = "$(inherited) @executable_path/../Frameworks @loader_path/../Frameworks";
				PRODUCT_BUNDLE_IDENTIFIER = com.lenovocloud.FileHashUITests;
				PRODUCT_NAME = "$(TARGET_NAME)";
				TEST_TARGET_NAME = FileHash;
			};
			name = Release;
		};
/* End XCBuildConfiguration section */

/* Begin XCConfigurationList section */
		0D4DD272202AFF61001BAD28 /* Build configuration list for PBXProject "FileHash" */ = {
			isa = XCConfigurationList;
			buildConfigurations = (
				0D4DD29C202AFF62001BAD28 /* Debug */,
				0D4DD29D202AFF62001BAD28 /* Release */,
			);
			defaultConfigurationIsVisible = 0;
			defaultConfigurationName = Release;
		};
		0D4DD29E202AFF62001BAD28 /* Build configuration list for PBXNativeTarget "FileHash" */ = {
			isa = XCConfigurationList;
			buildConfigurations = (
				0D4DD29F202AFF62001BAD28 /* Debug */,
				0D4DD2A0202AFF62001BAD28 /* Release */,
			);
			defaultConfigurationIsVisible = 0;
			defaultConfigurationName = Release;
		};
		0D4DD2A1202AFF62001BAD28 /* Build configuration list for PBXNativeTarget "FileHashTests" */ = {
			isa = XCConfigurationList;
			buildConfigurations = (
				0D4DD2A2202AFF62001BAD28 /* Debug */,
				0D4DD2A3202AFF62001BAD28 /* Release */,
			);
			defaultConfigurationIsVisible = 0;
			defaultConfigurationName = Release;
		};
		0D4DD2A4202AFF62001BAD28 /* Build configuration list for PBXNativeTarget "FileHashUITests" */ = {
			isa = XCConfigurationList;
			buildConfigurations = (
				0D4DD2A5202AFF62001BAD28 /* Debug */,
				0D4DD2A6202AFF62001BAD28 /* Release */,
			);
			defaultConfigurationIsVisible = 0;
			defaultConfigurationName = Release;
		};
/* End XCConfigurationList section */
	};
	rootObject = 0D4DD26F202AFF61001BAD28 /* Project object */;
}
